
Microsoft Visual Studio Solution File, Format Version 12.00
Project("{FAE04EC0-301F-11D3-BF4B-00C04F79EFBC}") = "AngularBlog.API", "AngularBlog.API\AngularBlog.API.csproj", "{A477C45D-D0C6-4536-93EE-0C78AA2DCA6C}"
EndProject
Project("{2150E333-8FDC-42A3-9474-1A3956D46DE8}") = "Clients", "Clients", "{2E42B5AB-9181-4310-BCC3-2D59AADD2283}"
EndProject
Project("{2150E333-8FDC-42A3-9474-1A3956D46DE8}") = "Infrastructure", "Infrastructure", "{3D61E86A-4F24-4DF8-B846-C81A697881A0}"
EndProject
Project("{FAE04EC0-301F-11D3-BF4B-00C04F79EFBC}") = "AngularBlog.Infrastructure.Data", "AngularBlog.Infrastructure.Data\AngularBlog.Infrastructure.Data.csproj", "{4B91FCD4-C3B4-418E-A620-84F98E45E54B}"
EndProject
Project("{FAE04EC0-301F-11D3-BF4B-00C04F79EFBC}") = "AngularBlog.Domain.Core", "AngularBlog.Domain.Core\AngularBlog.Domain.Core.csproj", "{A04C96A0-A411-4716-8F97-E82B8ED85534}"
EndProject
Project("{2150E333-8FDC-42A3-9474-1A3956D46DE8}") = "Domain", "Domain", "{1BF29E14-96AA-4FBC-9828-D41359103090}"
EndProject
Project("{FAE04EC0-301F-11D3-BF4B-00C04F79EFBC}") = "AngularBlog.Domain.Interfaces", "AngularBlog.Domain.Interfaces\AngularBlog.Domain.Interfaces.csproj", "{3FAF5615-F46C-4EA5-A556-D3FFC1C328B3}"
EndProject
Project("{2150E333-8FDC-42A3-9474-1A3956D46DE8}") = "Services", "Services", "{97D4E72C-2DF0-45FF-8E36-2278497EFFFC}"
EndProject
Project("{FAE04EC0-301F-11D3-BF4B-00C04F79EFBC}") = "AngularBlog.Services.Interfaces", "AngularBlog.Services.Interfaces\AngularBlog.Services.Interfaces.csproj", "{1B91A63A-9936-46D4-80FF-3C8A5C1360F8}"
EndProject
Project("{FAE04EC0-301F-11D3-BF4B-00C04F79EFBC}") = "AngularBlog.Common", "AngularBlog.Common\AngularBlog.Common.csproj", "{FB23D4AB-102E-40CE-BDED-704EB6DC20D1}"
EndProject
Project("{2150E333-8FDC-42A3-9474-1A3956D46DE8}") = "Utils", "Utils", "{643DB571-50DE-4140-8569-F31491CF337D}"
EndProject
Global
	GlobalSection(SolutionConfigurationPlatforms) = preSolution
		Debug|Any CPU = Debug|Any CPU
		Release|Any CPU = Release|Any CPU
	EndGlobalSection
	GlobalSection(ProjectConfigurationPlatforms) = postSolution
		{A477C45D-D0C6-4536-93EE-0C78AA2DCA6C}.Debug|Any CPU.ActiveCfg = Debug|Any CPU
		{A477C45D-D0C6-4536-93EE-0C78AA2DCA6C}.Debug|Any CPU.Build.0 = Debug|Any CPU
		{A477C45D-D0C6-4536-93EE-0C78AA2DCA6C}.Release|Any CPU.ActiveCfg = Release|Any CPU
		{A477C45D-D0C6-4536-93EE-0C78AA2DCA6C}.Release|Any CPU.Build.0 = Release|Any CPU
		{4B91FCD4-C3B4-418E-A620-84F98E45E54B}.Debug|Any CPU.ActiveCfg = Debug|Any CPU
		{4B91FCD4-C3B4-418E-A620-84F98E45E54B}.Debug|Any CPU.Build.0 = Debug|Any CPU
		{4B91FCD4-C3B4-418E-A620-84F98E45E54B}.Release|Any CPU.ActiveCfg = Release|Any CPU
		{4B91FCD4-C3B4-418E-A620-84F98E45E54B}.Release|Any CPU.Build.0 = Release|Any CPU
		{A04C96A0-A411-4716-8F97-E82B8ED85534}.Debug|Any CPU.ActiveCfg = Debug|Any CPU
		{A04C96A0-A411-4716-8F97-E82B8ED85534}.Debug|Any CPU.Build.0 = Debug|Any CPU
		{A04C96A0-A411-4716-8F97-E82B8ED85534}.Release|Any CPU.ActiveCfg = Release|Any CPU
		{A04C96A0-A411-4716-8F97-E82B8ED85534}.Release|Any CPU.Build.0 = Release|Any CPU
		{3FAF5615-F46C-4EA5-A556-D3FFC1C328B3}.Debug|Any CPU.ActiveCfg = Debug|Any CPU
		{3FAF5615-F46C-4EA5-A556-D3FFC1C328B3}.Debug|Any CPU.Build.0 = Debug|Any CPU
		{3FAF5615-F46C-4EA5-A556-D3FFC1C328B3}.Release|Any CPU.ActiveCfg = Release|Any CPU
		{3FAF5615-F46C-4EA5-A556-D3FFC1C328B3}.Release|Any CPU.Build.0 = Release|Any CPU
		{1B91A63A-9936-46D4-80FF-3C8A5C1360F8}.Debug|Any CPU.ActiveCfg = Debug|Any CPU
		{1B91A63A-9936-46D4-80FF-3C8A5C1360F8}.Debug|Any CPU.Build.0 = Debug|Any CPU
		{1B91A63A-9936-46D4-80FF-3C8A5C1360F8}.Release|Any CPU.ActiveCfg = Release|Any CPU
		{1B91A63A-9936-46D4-80FF-3C8A5C1360F8}.Release|Any CPU.Build.0 = Release|Any CPU
		{FB23D4AB-102E-40CE-BDED-704EB6DC20D1}.Debug|Any CPU.ActiveCfg = Debug|Any CPU
		{FB23D4AB-102E-40CE-BDED-704EB6DC20D1}.Debug|Any CPU.Build.0 = Debug|Any CPU
		{FB23D4AB-102E-40CE-BDED-704EB6DC20D1}.Release|Any CPU.ActiveCfg = Release|Any CPU
		{FB23D4AB-102E-40CE-BDED-704EB6DC20D1}.Release|Any CPU.Build.0 = Release|Any CPU
	EndGlobalSection
	GlobalSection(NestedProjects) = preSolution
		{A477C45D-D0C6-4536-93EE-0C78AA2DCA6C} = {2E42B5AB-9181-4310-BCC3-2D59AADD2283}
		{4B91FCD4-C3B4-418E-A620-84F98E45E54B} = {3D61E86A-4F24-4DF8-B846-C81A697881A0}
		{A04C96A0-A411-4716-8F97-E82B8ED85534} = {1BF29E14-96AA-4FBC-9828-D41359103090}
		{3FAF5615-F46C-4EA5-A556-D3FFC1C328B3} = {1BF29E14-96AA-4FBC-9828-D41359103090}
		{1B91A63A-9936-46D4-80FF-3C8A5C1360F8} = {97D4E72C-2DF0-45FF-8E36-2278497EFFFC}
		{FB23D4AB-102E-40CE-BDED-704EB6DC20D1} = {643DB571-50DE-4140-8569-F31491CF337D}
	EndGlobalSection
EndGlobal
